
Microsoft Visual Studio Solution File, Format Version 12.00
# Visual Studio Version 17
VisualStudioVersion = 17.4.33110.190
MinimumVisualStudioVersion = 10.0.40219.1
Project("{FAE04EC0-301F-11D3-BF4B-00C04F79EFBC}") = "TicTacToe", "TicTacToe\TicTacToe.csproj", "{6408C19F-7EAD-43E6-98AE-D3F360B6DAB0}"
EndProject
Global
	GlobalSection(SolutionConfigurationPlatforms) = preSolution
		Debug|Any CPU = Debug|Any CPU
		Release|Any CPU = Release|Any CPU
	EndGlobalSection
	GlobalSection(ProjectConfigurationPlatforms) = postSolution
		{6408C19F-7EAD-43E6-98AE-D3F360B6DAB0}.Debug|Any CPU.ActiveCfg = Debug|Any CPU
		{6408C19F-7EAD-43E6-98AE-D3F360B6DAB0}.Debug|Any CPU.Build.0 = Debug|Any CPU
		{6408C19F-7EAD-43E6-98AE-D3F360B6DAB0}.Release|Any CPU.ActiveCfg = Release|Any CPU
		{6408C19F-7EAD-43E6-98AE-D3F360B6DAB0}.Release|Any CPU.Build.0 = Release|Any CPU
	EndGlobalSection
	GlobalSection(SolutionProperties) = preSolution
		HideSolutionNode = FALSE
	EndGlobalSection
	GlobalSection(ExtensibilityGlobals) = postSolution
		SolutionGuid = {B04304E5-3B43-4E15-BD5B-9F9E825B7D81}
	EndGlobalSection
EndGlobal
